
Microsoft Visual Studio Solution File, Format Version 12.00
# Visual Studio Version 16
VisualStudioVersion = 16.0.29411.108
MinimumVisualStudioVersion = 10.0.40219.1
Project("{FAE04EC0-301F-11D3-BF4B-00C04F79EFBC}") = "Cards4Clarke", "Cards4Clarke\Cards4Clarke.csproj", "{909718E5-8F86-4CC1-8739-C137D18021D8}"
EndProject
Global
	GlobalSection(SolutionConfigurationPlatforms) = preSolution
		Debug|Any CPU = Debug|Any CPU
		Release|Any CPU = Release|Any CPU
	EndGlobalSection
	GlobalSection(ProjectConfigurationPlatforms) = postSolution
		{909718E5-8F86-4CC1-8739-C137D18021D8}.Debug|Any CPU.ActiveCfg = Debug|Any CPU
		{909718E5-8F86-4CC1-8739-C137D18021D8}.Debug|Any CPU.Build.0 = Debug|Any CPU
		{909718E5-8F86-4CC1-8739-C137D18021D8}.Release|Any CPU.ActiveCfg = Release|Any CPU
		{909718E5-8F86-4CC1-8739-C137D18021D8}.Release|Any CPU.Build.0 = Release|Any CPU
	EndGlobalSection
	GlobalSection(SolutionProperties) = preSolution
		HideSolutionNode = FALSE
	EndGlobalSection
	GlobalSection(ExtensibilityGlobals) = postSolution
		SolutionGuid = {1BE463A0-58C1-44B3-B528-D79D3B04115D}
	EndGlobalSection
EndGlobal
